// !$*UTF8*$!
{
	archiveVersion = 1;
	classes = {
	};
	objectVersion = 51;
	objects = {

/* Begin PBXBuildFile section */
		1732A86824500EE300F89409 /* FlickCell.swift in Sources */ = {isa = PBXBuildFile; fileRef = 1732A86724500EE300F89409 /* FlickCell.swift */; };
		1732A86B24501D1400F89409 /* WebViewVC.swift in Sources */ = {isa = PBXBuildFile; fileRef = 1732A86A24501D1300F89409 /* WebViewVC.swift */; };
		1732A86D24585BB900F89409 /* FlickRealmData.swift in Sources */ = {isa = PBXBuildFile; fileRef = 1732A86C24585BB900F89409 /* FlickRealmData.swift */; };
		1732A86F245867A600F89409 /* CheckInternet.swift in Sources */ = {isa = PBXBuildFile; fileRef = 1732A86E245867A600F89409 /* CheckInternet.swift */; };
		17499F52244F71060052041D /* AppDelegate.swift in Sources */ = {isa = PBXBuildFile; fileRef = 17499F51244F71060052041D /* AppDelegate.swift */; };
		17499F54244F71060052041D /* SceneDelegate.swift in Sources */ = {isa = PBXBuildFile; fileRef = 17499F53244F71060052041D /* SceneDelegate.swift */; };
		17499F56244F71060052041D /* FlickVC.swift in Sources */ = {isa = PBXBuildFile; fileRef = 17499F55244F71060052041D /* FlickVC.swift */; };
		17499F59244F71060052041D /* Main.storyboard in Resources */ = {isa = PBXBuildFile; fileRef = 17499F57244F71060052041D /* Main.storyboard */; };
		17499F5B244F71070052041D /* Assets.xcassets in Resources */ = {isa = PBXBuildFile; fileRef = 17499F5A244F71070052041D /* Assets.xcassets */; };
		17499F5E244F71070052041D /* LaunchScreen.storyboard in Resources */ = {isa = PBXBuildFile; fileRef = 17499F5C244F71070052041D /* LaunchScreen.storyboard */; };
		17499F68244F71B80052041D /* FlickData.swift in Sources */ = {isa = PBXBuildFile; fileRef = 17499F67244F71B80052041D /* FlickData.swift */; };
		17499F6A244F71C70052041D /* FlickManager.swift in Sources */ = {isa = PBXBuildFile; fileRef = 17499F69244F71C70052041D /* FlickManager.swift */; };
		5E185A82166784826C253FBB /* Pods_FlickrApp.framework in Frameworks */ = {isa = PBXBuildFile; fileRef = 848B70CB6727DF150D8EBE74 /* Pods_FlickrApp.framework */; };
/* End PBXBuildFile section */

/* Begin PBXFileReference section */
		1732A86724500EE300F89409 /* FlickCell.swift */ = {isa = PBXFileReference; lastKnownFileType = sourcecode.swift; path = FlickCell.swift; sourceTree = "<group>"; };
		1732A86A24501D1300F89409 /* WebViewVC.swift */ = {isa = PBXFileReference; lastKnownFileType = sourcecode.swift; path = WebViewVC.swift; sourceTree = "<group>"; };
		1732A86C24585BB900F89409 /* FlickRealmData.swift */ = {isa = PBXFileReference; lastKnownFileType = sourcecode.swift; path = FlickRealmData.swift; sourceTree = "<group>"; };
		1732A86E245867A600F89409 /* CheckInternet.swift */ = {isa = PBXFileReference; lastKnownFileType = sourcecode.swift; path = CheckInternet.swift; sourceTree = "<group>"; };
		17499F4E244F71060052041D /* FlickrApp.app */ = {isa = PBXFileReference; explicitFileType = wrapper.application; includeInIndex = 0; path = FlickrApp.app; sourceTree = BUILT_PRODUCTS_DIR; };
		17499F51244F71060052041D /* AppDelegate.swift */ = {isa = PBXFileReference; lastKnownFileType = sourcecode.swift; path = AppDelegate.swift; sourceTree = "<group>"; };
		17499F53244F71060052041D /* SceneDelegate.swift */ = {isa = PBXFileReference; lastKnownFileType = sourcecode.swift; path = SceneDelegate.swift; sourceTree = "<group>"; };
		17499F55244F71060052041D /* FlickVC.swift */ = {isa = PBXFileReference; lastKnownFileType = sourcecode.swift; path = FlickVC.swift; sourceTree = "<group>"; };
		17499F58244F71060052041D /* Base */ = {isa = PBXFileReference; lastKnownFileType = file.storyboard; name = Base; path = Base.lproj/Main.storyboard; sourceTree = "<group>"; };
		17499F5A244F71070052041D /* Assets.xcassets */ = {isa = PBXFileReference; lastKnownFileType = folder.assetcatalog; path = Assets.xcassets; sourceTree = "<group>"; };
		17499F5D244F71070052041D /* Base */ = {isa = PBXFileReference; lastKnownFileType = file.storyboard; name = Base; path = Base.lproj/LaunchScreen.storyboard; sourceTree = "<group>"; };
		17499F5F244F71070052041D /* Info.plist */ = {isa = PBXFileReference; lastKnownFileType = text.plist.xml; path = Info.plist; sourceTree = "<group>"; };
		17499F67244F71B80052041D /* FlickData.swift */ = {isa = PBXFileReference; lastKnownFileType = sourcecode.swift; path = FlickData.swift; sourceTree = "<group>"; };
		17499F69244F71C70052041D /* FlickManager.swift */ = {isa = PBXFileReference; lastKnownFileType = sourcecode.swift; path = FlickManager.swift; sourceTree = "<group>"; };
		83A1F4E7A5E574E07B6D4D0D /* Pods-FlickrApp.debug.xcconfig */ = {isa = PBXFileReference; includeInIndex = 1; lastKnownFileType = text.xcconfig; name = "Pods-FlickrApp.debug.xcconfig"; path = "Target Support Files/Pods-FlickrApp/Pods-FlickrApp.debug.xcconfig"; sourceTree = "<group>"; };
		848B70CB6727DF150D8EBE74 /* Pods_FlickrApp.framework */ = {isa = PBXFileReference; explicitFileType = wrapper.framework; includeInIndex = 0; path = Pods_FlickrApp.framework; sourceTree = BUILT_PRODUCTS_DIR; };
		CFB68717EA1C38F8858387B7 /* Pods-FlickrApp.release.xcconfig */ = {isa = PBXFileReference; includeInIndex = 1; lastKnownFileType = text.xcconfig; name = "Pods-FlickrApp.release.xcconfig"; path = "Target Support Files/Pods-FlickrApp/Pods-FlickrApp.release.xcconfig"; sourceTree = "<group>"; };
/* End PBXFileReference section */

/* Begin PBXFrameworksBuildPhase section */
		17499F4B244F71060052041D /* Frameworks */ = {
			isa = PBXFrameworksBuildPhase;
			buildActionMask = 2147483647;
			files = (
				5E185A82166784826C253FBB /* Pods_FlickrApp.framework in Frameworks */,
			);
			runOnlyForDeploymentPostprocessing = 0;
		};
/* End PBXFrameworksBuildPhase section */

/* Begin PBXGroup section */
		1732A86924500EE800F89409 /* Cell */ = {
			isa = PBXGroup;
			children = (
				1732A86724500EE300F89409 /* FlickCell.swift */,
			);
			path = Cell;
			sourceTree = "<group>";
		};
		17499F45244F71060052041D = {
			isa = PBXGroup;
			children = (
				17499F50244F71060052041D /* FlickrApp */,
				17499F4F244F71060052041D /* Products */,
				FA2C116B31F3B35EA22D4478 /* Pods */,
				52DD7057054FBAB61549CEB7 /* Frameworks */,
			);
			sourceTree = "<group>";
		};
		17499F4F244F71060052041D /* Products */ = {
			isa = PBXGroup;
			children = (
				17499F4E244F71060052041D /* FlickrApp.app */,
			);
			name = Products;
			sourceTree = "<group>";
		};
		17499F50244F71060052041D /* FlickrApp */ = {
			isa = PBXGroup;
			children = (
				17499F6B244F722C0052041D /* Controller */,
				17499F66244F71220052041D /* Manager */,
				17499F65244F71190052041D /* Model */,
				17499F51244F71060052041D /* AppDelegate.swift */,
				17499F53244F71060052041D /* SceneDelegate.swift */,
				17499F57244F71060052041D /* Main.storyboard */,
				17499F5A244F71070052041D /* Assets.xcassets */,
				17499F5C244F71070052041D /* LaunchScreen.storyboard */,
				17499F5F244F71070052041D /* Info.plist */,
				1732A86E245867A600F89409 /* CheckInternet.swift */,
			);
			path = FlickrApp;
			sourceTree = "<group>";
		};
		17499F65244F71190052041D /* Model */ = {
			isa = PBXGroup;
			children = (
				17499F67244F71B80052041D /* FlickData.swift */,
				1732A86C24585BB900F89409 /* FlickRealmData.swift */,
			);
			path = Model;
			sourceTree = "<group>";
		};
		17499F66244F71220052041D /* Manager */ = {
			isa = PBXGroup;
			children = (
				17499F69244F71C70052041D /* FlickManager.swift */,
			);
			path = Manager;
			sourceTree = "<group>";
		};
		17499F6B244F722C0052041D /* Controller */ = {
			isa = PBXGroup;
			children = (
				1732A86924500EE800F89409 /* Cell */,
				17499F55244F71060052041D /* FlickVC.swift */,
				1732A86A24501D1300F89409 /* WebViewVC.swift */,
			);
			path = Controller;
			sourceTree = "<group>";
		};
		52DD7057054FBAB61549CEB7 /* Frameworks */ = {
			isa = PBXGroup;
			children = (
				848B70CB6727DF150D8EBE74 /* Pods_FlickrApp.framework */,
			);
			name = Frameworks;
			sourceTree = "<group>";
		};
		FA2C116B31F3B35EA22D4478 /* Pods */ = {
			isa = PBXGroup;
			children = (
				83A1F4E7A5E574E07B6D4D0D /* Pods-FlickrApp.debug.xcconfig */,
				CFB68717EA1C38F8858387B7 /* Pods-FlickrApp.release.xcconfig */,
			);
			path = Pods;
			sourceTree = "<group>";
		};
/* End PBXGroup section */

/* Begin PBXNativeTarget section */
		17499F4D244F71060052041D /* FlickrApp */ = {
			isa = PBXNativeTarget;
			buildConfigurationList = 17499F62244F71070052041D /* Build configuration list for PBXNativeTarget "FlickrApp" */;
			buildPhases = (
				6472B148BB9CCCFE5692066A /* [CP] Check Pods Manifest.lock */,
				17499F4A244F71060052041D /* Sources */,
				17499F4B244F71060052041D /* Frameworks */,
				17499F4C244F71060052041D /* Resources */,
				6155948E0DC2F70C61804AAD /* [CP] Embed Pods Frameworks */,
			);
			buildRules = (
			);
			dependencies = (
			);
			name = FlickrApp;
			productName = FlickrApp;
			productReference = 17499F4E244F71060052041D /* FlickrApp.app */;
			productType = "com.apple.product-type.application";
		};
/* End PBXNativeTarget section */

/* Begin PBXProject section */
		17499F46244F71060052041D /* Project object */ = {
			isa = PBXProject;
			attributes = {
				LastSwiftUpdateCheck = 1130;
				LastUpgradeCheck = 1130;
				ORGANIZATIONNAME = "Supanut LDM";
				TargetAttributes = {
					17499F4D244F71060052041D = {
						CreatedOnToolsVersion = 11.3;
					};
				};
			};
			buildConfigurationList = 17499F49244F71060052041D /* Build configuration list for PBXProject "FlickrApp" */;
			compatibilityVersion = "Xcode 9.3";
			developmentRegion = en;
			hasScannedForEncodings = 0;
			knownRegions = (
				en,
				Base,
			);
			mainGroup = 17499F45244F71060052041D;
			productRefGroup = 17499F4F244F71060052041D /* Products */;
			projectDirPath = "";
			projectRoot = "";
			targets = (
				17499F4D244F71060052041D /* FlickrApp */,
			);
		};
/* End PBXProject section */

/* Begin PBXResourcesBuildPhase section */
		17499F4C244F71060052041D /* Resources */ = {
			isa = PBXResourcesBuildPhase;
			buildActionMask = 2147483647;
			files = (
				17499F5E244F71070052041D /* LaunchScreen.storyboard in Resources */,
				17499F5B244F71070052041D /* Assets.xcassets in Resources */,
				17499F59244F71060052041D /* Main.storyboard in Resources */,
			);
			runOnlyForDeploymentPostprocessing = 0;
		};
/* End PBXResourcesBuildPhase section */

/* Begin PBXShellScriptBuildPhase section */
		6155948E0DC2F70C61804AAD /* [CP] Embed Pods Frameworks */ = {
			isa = PBXShellScriptBuildPhase;
			buildActionMask = 2147483647;
			files = (
			);
			inputFileListPaths = (
				"${PODS_ROOT}/Target Support Files/Pods-FlickrApp/Pods-FlickrApp-frameworks-${CONFIGURATION}-input-files.xcfilelist",
			);
			name = "[CP] Embed Pods Frameworks";
			outputFileListPaths = (
				"${PODS_ROOT}/Target Support Files/Pods-FlickrApp/Pods-FlickrApp-frameworks-${CONFIGURATION}-output-files.xcfilelist",
			);
			runOnlyForDeploymentPostprocessing = 0;
			shellPath = /bin/sh;
			shellScript = "\"${PODS_ROOT}/Target Support Files/Pods-FlickrApp/Pods-FlickrApp-frameworks.sh\"\n";
			showEnvVarsInLog = 0;
		};
		6472B148BB9CCCFE5692066A /* [CP] Check Pods Manifest.lock */ = {
			isa = PBXShellScriptBuildPhase;
			buildActionMask = 2147483647;
			files = (
			);
			inputFileListPaths = (
			);
			inputPaths = (
				"${PODS_PODFILE_DIR_PATH}/Podfile.lock",
				"${PODS_ROOT}/Manifest.lock",
			);
			name = "[CP] Check Pods Manifest.lock";
			outputFileListPaths = (
			);
			outputPaths = (
				"$(DERIVED_FILE_DIR)/Pods-FlickrApp-checkManifestLockResult.txt",
			);
			runOnlyForDeploymentPostprocessing = 0;
			shellPath = /bin/sh;
			shellScript = "diff \"${PODS_PODFILE_DIR_PATH}/Podfile.lock\" \"${PODS_ROOT}/Manifest.lock\" > /dev/null\nif [ $? != 0 ] ; then\n    # print error to STDERR\n    echo \"error: The sandbox is not in sync with the Podfile.lock. Run 'pod install' or update your CocoaPods installation.\" >&2\n    exit 1\nfi\n# This output is used by Xcode 'outputs' to avoid re-running this script phase.\necho \"SUCCESS\" > \"${SCRIPT_OUTPUT_FILE_0}\"\n";
			showEnvVarsInLog = 0;
		};
/* End PBXShellScriptBuildPhase section */

/* Begin PBXSourcesBuildPhase section */
		17499F4A244F71060052041D /* Sources */ = {
			isa = PBXSourcesBuildPhase;
			buildActionMask = 2147483647;
			files = (
				17499F56244F71060052041D /* FlickVC.swift in Sources */,
				1732A86F245867A600F89409 /* CheckInternet.swift in Sources */,
				1732A86824500EE300F89409 /* FlickCell.swift in Sources */,
				17499F68244F71B80052041D /* FlickData.swift in Sources */,
				1732A86D24585BB900F89409 /* FlickRealmData.swift in Sources */,
				1732A86B24501D1400F89409 /* WebViewVC.swift in Sources */,
				17499F6A244F71C70052041D /* FlickManager.swift in Sources */,
				17499F52244F71060052041D /* AppDelegate.swift in Sources */,
				17499F54244F71060052041D /* SceneDelegate.swift in Sources */,
			);
			runOnlyForDeploymentPostprocessing = 0;
		};
/* End PBXSourcesBuildPhase section */

/* Begin PBXVariantGroup section */
		17499F57244F71060052041D /* Main.storyboard */ = {
			isa = PBXVariantGroup;
			children = (
				17499F58244F71060052041D /* Base */,
			);
			name = Main.storyboard;
			sourceTree = "<group>";
		};
		17499F5C244F71070052041D /* LaunchScreen.storyboard */ = {
			isa = PBXVariantGroup;
			children = (
				17499F5D244F71070052041D /* Base */,
			);
			name = LaunchScreen.storyboard;
			sourceTree = "<group>";
		};
/* End PBXVariantGroup section */

/* Begin XCBuildConfiguration section */
		17499F60244F71070052041D /* Debug */ = {
			isa = XCBuildConfiguration;
			buildSettings = {
				ALWAYS_SEARCH_USER_PATHS = NO;
				CLANG_ANALYZER_NONNULL = YES;
				CLANG_ANALYZER_NUMBER_OBJECT_CONVERSION = YES_AGGRESSIVE;
				CLANG_CXX_LANGUAGE_STANDARD = "gnu++14";
				CLANG_CXX_LIBRARY = "libc++";
				CLANG_ENABLE_MODULES = YES;
				CLANG_ENABLE_OBJC_ARC = YES;
				CLANG_ENABLE_OBJC_WEAK = YES;
				CLANG_WARN_BLOCK_CAPTURE_AUTORELEASING = YES;
				CLANG_WARN_BOOL_CONVERSION = YES;
				CLANG_WARN_COMMA = YES;
				CLANG_WARN_CONSTANT_CONVERSION = YES;
				CLANG_WARN_DEPRECATED_OBJC_IMPLEMENTATIONS = YES;
				CLANG_WARN_DIRECT_OBJC_ISA_USAGE = YES_ERROR;
				CLANG_WARN_DOCUMENTATION_COMMENTS = YES;
				CLANG_WARN_EMPTY_BODY = YES;
				CLANG_WARN_ENUM_CONVERSION = YES;
				CLANG_WARN_INFINITE_RECURSION = YES;
				CLANG_WARN_INT_CONVERSION = YES;
				CLANG_WARN_NON_LITERAL_NULL_CONVERSION = YES;
				CLANG_WARN_OBJC_IMPLICIT_RETAIN_SELF = YES;
				CLANG_WARN_OBJC_LITERAL_CONVERSION = YES;
				CLANG_WARN_OBJC_ROOT_CLASS = YES_ERROR;
				CLANG_WARN_RANGE_LOOP_ANALYSIS = YES;
				CLANG_WARN_STRICT_PROTOTYPES = YES;
				CLANG_WARN_SUSPICIOUS_MOVE = YES;
				CLANG_WARN_UNGUARDED_AVAILABILITY = YES_AGGRESSIVE;
				CLANG_WARN_UNREACHABLE_CODE = YES;
				CLANG_WARN__DUPLICATE_METHOD_MATCH = YES;
				COPY_PHASE_STRIP = NO;
				DEBUG_INFORMATION_FORMAT = dwarf;
				ENABLE_STRICT_OBJC_MSGSEND = YES;
				ENABLE_TESTABILITY = YES;
				GCC_C_LANGUAGE_STANDARD = gnu11;
				GCC_DYNAMIC_NO_PIC = NO;
				GCC_NO_COMMON_BLOCKS = YES;
				GCC_OPTIMIZATION_LEVEL = 0;
				GCC_PREPROCESSOR_DEFINITIONS = (
					"DEBUG=1",
					"$(inherited)",
				);
				GCC_WARN_64_TO_32_BIT_CONVERSION = YES;
				GCC_WARN_ABOUT_RETURN_TYPE = YES_ERROR;
				GCC_WARN_UNDECLARED_SELECTOR = YES;
				GCC_WARN_UNINITIALIZED_AUTOS = YES_AGGRESSIVE;
				GCC_WARN_UNUSED_FUNCTION = YES;
				GCC_WARN_UNUSED_VARIABLE = YES;
				IPHONEOS_DEPLOYMENT_TARGET = 13.2;
				MTL_ENABLE_DEBUG_INFO = INCLUDE_SOURCE;
				MTL_FAST_MATH = YES;
				ONLY_ACTIVE_ARCH = YES;
				SDKROOT = iphoneos;
				SWIFT_ACTIVE_COMPILATION_CONDITIONS = DEBUG;
				SWIFT_OPTIMIZATION_LEVEL = "-Onone";
			};
			name = Debug;
		};
		17499F61244F71070052041D /* Release */ = {
			isa = XCBuildConfiguration;
			buildSettings = {
				ALWAYS_SEARCH_USER_PATHS = NO;
				CLANG_ANALYZER_NONNULL = YES;
				CLANG_ANALYZER_NUMBER_OBJECT_CONVERSION = YES_AGGRESSIVE;
				CLANG_CXX_LANGUAGE_STANDARD = "gnu++14";
				CLANG_CXX_LIBRARY = "libc++";
				CLANG_ENABLE_MODULES = YES;
				CLANG_ENABLE_OBJC_ARC = YES;
				CLANG_ENABLE_OBJC_WEAK = YES;
				CLANG_WARN_BLOCK_CAPTURE_AUTORELEASING = YES;
				CLANG_WARN_BOOL_CONVERSION = YES;
				CLANG_WARN_COMMA = YES;
				CLANG_WARN_CONSTANT_CONVERSION = YES;
				CLANG_WARN_DEPRECATED_OBJC_IMPLEMENTATIONS = YES;
				CLANG_WARN_DIRECT_OBJC_ISA_USAGE = YES_ERROR;
				CLANG_WARN_DOCUMENTATION_COMMENTS = YES;
				CLANG_WARN_EMPTY_BODY = YES;
				CLANG_WARN_ENUM_CONVERSION = YES;
				CLANG_WARN_INFINITE_RECURSION = YES;
				CLANG_WARN_INT_CONVERSION = YES;
				CLANG_WARN_NON_LITERAL_NULL_CONVERSION = YES;
				CLANG_WARN_OBJC_IMPLICIT_RETAIN_SELF = YES;
				CLANG_WARN_OBJC_LITERAL_CONVERSION = YES;
				CLANG_WARN_OBJC_ROOT_CLASS = YES_ERROR;
				CLANG_WARN_RANGE_LOOP_ANALYSIS = YES;
				CLANG_WARN_STRICT_PROTOTYPES = YES;
				CLANG_WARN_SUSPICIOUS_MOVE = YES;
				CLANG_WARN_UNGUARDED_AVAILABILITY = YES_AGGRESSIVE;
				CLANG_WARN_UNREACHABLE_CODE = YES;
				CLANG_WARN__DUPLICATE_METHOD_MATCH = YES;
				COPY_PHASE_STRIP = NO;
				DEBUG_INFORMATION_FORMAT = "dwarf-with-dsym";
				ENABLE_NS_ASSERTIONS = NO;
				ENABLE_STRICT_OBJC_MSGSEND = YES;
				GCC_C_LANGUAGE_STANDARD = gnu11;
				GCC_NO_COMMON_BLOCKS = YES;
				GCC_WARN_64_TO_32_BIT_CONVERSION = YES;
				GCC_WARN_ABOUT_RETURN_TYPE = YES_ERROR;
				GCC_WARN_UNDECLARED_SELECTOR = YES;
				GCC_WARN_UNINITIALIZED_AUTOS = YES_AGGRESSIVE;
				GCC_WARN_UNUSED_FUNCTION = YES;
				GCC_WARN_UNUSED_VARIABLE = YES;
				IPHONEOS_DEPLOYMENT_TARGET = 13.2;
				MTL_ENABLE_DEBUG_INFO = NO;
				MTL_FAST_MATH = YES;
				SDKROOT = iphoneos;
				SWIFT_COMPILATION_MODE = wholemodule;
				SWIFT_OPTIMIZATION_LEVEL = "-O";
				VALIDATE_PRODUCT = YES;
			};
			name = Release;
		};
		17499F63244F71070052041D /* Debug */ = {
			isa = XCBuildConfiguration;
			baseConfigurationReference = 83A1F4E7A5E574E07B6D4D0D /* Pods-FlickrApp.debug.xcconfig */;
			buildSettings = {
				ASSETCATALOG_COMPILER_APPICON_NAME = AppIcon;
				CODE_SIGN_STYLE = Automatic;
				DEVELOPMENT_TEAM = QD4KUK365R;
				INFOPLIST_FILE = FlickrApp/Info.plist;
				LD_RUNPATH_SEARCH_PATHS = (
					"$(inherited)",
					"@executable_path/Frameworks",
				);
				PRODUCT_BUNDLE_IDENTIFIER = com.supanut.FlickrApp;
				PRODUCT_NAME = "$(TARGET_NAME)";
				SWIFT_VERSION = 5.0;
				TARGETED_DEVICE_FAMILY = "1,2";
			};
			name = Debug;
		};
		17499F64244F71070052041D /* Release */ = {
			isa = XCBuildConfiguration;
			baseConfigurationReference = CFB68717EA1C38F8858387B7 /* Pods-FlickrApp.release.xcconfig */;
			buildSettings = {
				ASSETCATALOG_COMPILER_APPICON_NAME = AppIcon;
				CODE_SIGN_STYLE = Automatic;
				DEVELOPMENT_TEAM = QD4KUK365R;
				INFOPLIST_FILE = FlickrApp/Info.plist;
				LD_RUNPATH_SEARCH_PATHS = (
					"$(inherited)",
					"@executable_path/Frameworks",
				);
				PRODUCT_BUNDLE_IDENTIFIER = com.supanut.FlickrApp;
				PRODUCT_NAME = "$(TARGET_NAME)";
				SWIFT_VERSION = 5.0;
				TARGETED_DEVICE_FAMILY = "1,2";
			};
			name = Release;
		};
/* End XCBuildConfiguration section */

/* Begin XCConfigurationList section */
		17499F49244F71060052041D /* Build configuration list for PBXProject "FlickrApp" */ = {
			isa = XCConfigurationList;
			buildConfigurations = (
				17499F60244F71070052041D /* Debug */,
				17499F61244F71070052041D /* Release */,
			);
			defaultConfigurationIsVisible = 0;
			defaultConfigurationName = Release;
		};
		17499F62244F71070052041D /* Build configuration list for PBXNativeTarget "FlickrApp" */ = {
			isa = XCConfigurationList;
			buildConfigurations = (
				17499F63244F71070052041D /* Debug */,
				17499F64244F71070052041D /* Release */,
			);
			defaultConfigurationIsVisible = 0;
			defaultConfigurationName = Release;
		};
/* End XCConfigurationList section */
	};
	rootObject = 17499F46244F71060052041D /* Project object */;
}
